
Microsoft Visual Studio Solution File, Format Version 12.00
# Visual Studio Version 16
VisualStudioVersion = 16.0.30413.136
MinimumVisualStudioVersion = 10.0.40219.1
Project("{FAE04EC0-301F-11D3-BF4B-00C04F79EFBC}") = "Uplift", "Uplift\Uplift.csproj", "{9552CDF5-0994-4B43-AB20-2423B52C25B2}"
EndProject
Project("{FAE04EC0-301F-11D3-BF4B-00C04F79EFBC}") = "Uplift.DataAccess", "Uplift.DataAccess\Uplift.DataAccess.csproj", "{E83FBD0E-BE06-43BC-94F7-FFFACBF1CBD6}"
EndProject
Project("{FAE04EC0-301F-11D3-BF4B-00C04F79EFBC}") = "Uplift.Models", "Uplift.Models\Uplift.Models.csproj", "{9C4FD8D8-2589-4031-B795-7DB65C7A4D24}"
EndProject
Project("{FAE04EC0-301F-11D3-BF4B-00C04F79EFBC}") = "Uplift.Utility", "Uplift.Utility\Uplift.Utility.csproj", "{78D3E765-1BB3-4064-B9A7-216DE04C55A5}"
EndProject
Global
	GlobalSection(SolutionConfigurationPlatforms) = preSolution
		Debug|Any CPU = Debug|Any CPU
		Release|Any CPU = Release|Any CPU
	EndGlobalSection
	GlobalSection(ProjectConfigurationPlatforms) = postSolution
		{9552CDF5-0994-4B43-AB20-2423B52C25B2}.Debug|Any CPU.ActiveCfg = Debug|Any CPU
		{9552CDF5-0994-4B43-AB20-2423B52C25B2}.Debug|Any CPU.Build.0 = Debug|Any CPU
		{9552CDF5-0994-4B43-AB20-2423B52C25B2}.Release|Any CPU.ActiveCfg = Release|Any CPU
		{9552CDF5-0994-4B43-AB20-2423B52C25B2}.Release|Any CPU.Build.0 = Release|Any CPU
		{E83FBD0E-BE06-43BC-94F7-FFFACBF1CBD6}.Debug|Any CPU.ActiveCfg = Debug|Any CPU
		{E83FBD0E-BE06-43BC-94F7-FFFACBF1CBD6}.Debug|Any CPU.Build.0 = Debug|Any CPU
		{E83FBD0E-BE06-43BC-94F7-FFFACBF1CBD6}.Release|Any CPU.ActiveCfg = Release|Any CPU
		{E83FBD0E-BE06-43BC-94F7-FFFACBF1CBD6}.Release|Any CPU.Build.0 = Release|Any CPU
		{9C4FD8D8-2589-4031-B795-7DB65C7A4D24}.Debug|Any CPU.ActiveCfg = Debug|Any CPU
		{9C4FD8D8-2589-4031-B795-7DB65C7A4D24}.Debug|Any CPU.Build.0 = Debug|Any CPU
		{9C4FD8D8-2589-4031-B795-7DB65C7A4D24}.Release|Any CPU.ActiveCfg = Release|Any CPU
		{9C4FD8D8-2589-4031-B795-7DB65C7A4D24}.Release|Any CPU.Build.0 = Release|Any CPU
		{78D3E765-1BB3-4064-B9A7-216DE04C55A5}.Debug|Any CPU.ActiveCfg = Debug|Any CPU
		{78D3E765-1BB3-4064-B9A7-216DE04C55A5}.Debug|Any CPU.Build.0 = Debug|Any CPU
		{78D3E765-1BB3-4064-B9A7-216DE04C55A5}.Release|Any CPU.ActiveCfg = Release|Any CPU
		{78D3E765-1BB3-4064-B9A7-216DE04C55A5}.Release|Any CPU.Build.0 = Release|Any CPU
	EndGlobalSection
	GlobalSection(SolutionProperties) = preSolution
		HideSolutionNode = FALSE
	EndGlobalSection
	GlobalSection(ExtensibilityGlobals) = postSolution
		SolutionGuid = {AF95F522-64B7-43B0-A569-AB3A84A092D3}
	EndGlobalSection
EndGlobal
